// !$*UTF8*$!
{
	archiveVersion = 1;
	classes = {
	};
	objectVersion = 55;
	objects = {

/* Begin PBXBuildFile section */
		46A232F8283A5E3E00B25616 /* Tests_iOS.swift in Sources */ = {isa = PBXBuildFile; fileRef = 46A232F7283A5E3E00B25616 /* Tests_iOS.swift */; };
		46A232FA283A5E3E00B25616 /* Tests_iOSLaunchTests.swift in Sources */ = {isa = PBXBuildFile; fileRef = 46A232F9283A5E3E00B25616 /* Tests_iOSLaunchTests.swift */; };
		46A23304283A5E3E00B25616 /* Tests_macOS.swift in Sources */ = {isa = PBXBuildFile; fileRef = 46A23303283A5E3E00B25616 /* Tests_macOS.swift */; };
		46A23306283A5E3E00B25616 /* Tests_macOSLaunchTests.swift in Sources */ = {isa = PBXBuildFile; fileRef = 46A23305283A5E3E00B25616 /* Tests_macOSLaunchTests.swift */; };
		46A23307283A5E3E00B25616 /* AppStoreHeroApp.swift in Sources */ = {isa = PBXBuildFile; fileRef = 46A232DF283A5E3C00B25616 /* AppStoreHeroApp.swift */; };
		46A23308283A5E3E00B25616 /* AppStoreHeroApp.swift in Sources */ = {isa = PBXBuildFile; fileRef = 46A232DF283A5E3C00B25616 /* AppStoreHeroApp.swift */; };
		46A23309283A5E3E00B25616 /* ContentView.swift in Sources */ = {isa = PBXBuildFile; fileRef = 46A232E0283A5E3C00B25616 /* ContentView.swift */; };
		46A2330A283A5E3E00B25616 /* ContentView.swift in Sources */ = {isa = PBXBuildFile; fileRef = 46A232E0283A5E3C00B25616 /* ContentView.swift */; };
		46A2330B283A5E3E00B25616 /* Assets.xcassets in Resources */ = {isa = PBXBuildFile; fileRef = 46A232E1283A5E3E00B25616 /* Assets.xcassets */; };
		46A2330C283A5E3E00B25616 /* Assets.xcassets in Resources */ = {isa = PBXBuildFile; fileRef = 46A232E1283A5E3E00B25616 /* Assets.xcassets */; };
		46A2331E283A5F1400B25616 /* Today.swift in Sources */ = {isa = PBXBuildFile; fileRef = 46A2331D283A5F1400B25616 /* Today.swift */; };
		46A23320283A602300B25616 /* HomeView.swift in Sources */ = {isa = PBXBuildFile; fileRef = 46A2331F283A602300B25616 /* HomeView.swift */; };
		46A23322283A622400B25616 /* CustomCorner.swift in Sources */ = {isa = PBXBuildFile; fileRef = 46A23321283A622400B25616 /* CustomCorner.swift */; };
/* End PBXBuildFile section */

/* Begin PBXContainerItemProxy section */
		46A232F4283A5E3E00B25616 /* PBXContainerItemProxy */ = {
			isa = PBXContainerItemProxy;
			containerPortal = 46A232DA283A5E3C00B25616 /* Project object */;
			proxyType = 1;
			remoteGlobalIDString = 46A232E5283A5E3E00B25616;
			remoteInfo = "AppStoreHero (iOS)";
		};
		46A23300283A5E3E00B25616 /* PBXContainerItemProxy */ = {
			isa = PBXContainerItemProxy;
			containerPortal = 46A232DA283A5E3C00B25616 /* Project object */;
			proxyType = 1;
			remoteGlobalIDString = 46A232EB283A5E3E00B25616;
			remoteInfo = "AppStoreHero (macOS)";
		};
/* End PBXContainerItemProxy section */

/* Begin PBXFileReference section */
		46A232DF283A5E3C00B25616 /* AppStoreHeroApp.swift */ = {isa = PBXFileReference; lastKnownFileType = sourcecode.swift; path = AppStoreHeroApp.swift; sourceTree = "<group>"; };
		46A232E0283A5E3C00B25616 /* ContentView.swift */ = {isa = PBXFileReference; lastKnownFileType = sourcecode.swift; path = ContentView.swift; sourceTree = "<group>"; };
		46A232E1283A5E3E00B25616 /* Assets.xcassets */ = {isa = PBXFileReference; lastKnownFileType = folder.assetcatalog; path = Assets.xcassets; sourceTree = "<group>"; };
		46A232E6283A5E3E00B25616 /* AppStoreHero.app */ = {isa = PBXFileReference; explicitFileType = wrapper.application; includeInIndex = 0; path = AppStoreHero.app; sourceTree = BUILT_PRODUCTS_DIR; };
		46A232EC283A5E3E00B25616 /* AppStoreHero.app */ = {isa = PBXFileReference; explicitFileType = wrapper.application; includeInIndex = 0; path = AppStoreHero.app; sourceTree = BUILT_PRODUCTS_DIR; };
		46A232EE283A5E3E00B25616 /* macOS.entitlements */ = {isa = PBXFileReference; lastKnownFileType = text.plist.entitlements; path = macOS.entitlements; sourceTree = "<group>"; };
		46A232F3283A5E3E00B25616 /* Tests iOS.xctest */ = {isa = PBXFileReference; explicitFileType = wrapper.cfbundle; includeInIndex = 0; path = "Tests iOS.xctest"; sourceTree = BUILT_PRODUCTS_DIR; };
		46A232F7283A5E3E00B25616 /* Tests_iOS.swift */ = {isa = PBXFileReference; lastKnownFileType = sourcecode.swift; path = Tests_iOS.swift; sourceTree = "<group>"; };
		46A232F9283A5E3E00B25616 /* Tests_iOSLaunchTests.swift */ = {isa = PBXFileReference; lastKnownFileType = sourcecode.swift; path = Tests_iOSLaunchTests.swift; sourceTree = "<group>"; };
		46A232FF283A5E3E00B25616 /* Tests macOS.xctest */ = {isa = PBXFileReference; explicitFileType = wrapper.cfbundle; includeInIndex = 0; path = "Tests macOS.xctest"; sourceTree = BUILT_PRODUCTS_DIR; };
		46A23303283A5E3E00B25616 /* Tests_macOS.swift */ = {isa = PBXFileReference; lastKnownFileType = sourcecode.swift; path = Tests_macOS.swift; sourceTree = "<group>"; };
		46A23305283A5E3E00B25616 /* Tests_macOSLaunchTests.swift */ = {isa = PBXFileReference; lastKnownFileType = sourcecode.swift; path = Tests_macOSLaunchTests.swift; sourceTree = "<group>"; };
		46A2331D283A5F1400B25616 /* Today.swift */ = {isa = PBXFileReference; lastKnownFileType = sourcecode.swift; path = Today.swift; sourceTree = "<group>"; };
		46A2331F283A602300B25616 /* HomeView.swift */ = {isa = PBXFileReference; lastKnownFileType = sourcecode.swift; path = HomeView.swift; sourceTree = "<group>"; };
		46A23321283A622400B25616 /* CustomCorner.swift */ = {isa = PBXFileReference; lastKnownFileType = sourcecode.swift; path = CustomCorner.swift; sourceTree = "<group>"; };
/* End PBXFileReference section */

/* Begin PBXFrameworksBuildPhase section */
		46A232E3283A5E3E00B25616 /* Frameworks */ = {
			isa = PBXFrameworksBuildPhase;
			buildActionMask = 2147483647;
			files = (
			);
			runOnlyForDeploymentPostprocessing = 0;
		};
		46A232E9283A5E3E00B25616 /* Frameworks */ = {
			isa = PBXFrameworksBuildPhase;
			buildActionMask = 2147483647;
			files = (
			);
			runOnlyForDeploymentPostprocessing = 0;
		};
		46A232F0283A5E3E00B25616 /* Frameworks */ = {
			isa = PBXFrameworksBuildPhase;
			buildActionMask = 2147483647;
			files = (
			);
			runOnlyForDeploymentPostprocessing = 0;
		};
		46A232FC283A5E3E00B25616 /* Frameworks */ = {
			isa = PBXFrameworksBuildPhase;
			buildActionMask = 2147483647;
			files = (
			);
			runOnlyForDeploymentPostprocessing = 0;
		};
/* End PBXFrameworksBuildPhase section */

/* Begin PBXGroup section */
		46A232D9283A5E3C00B25616 = {
			isa = PBXGroup;
			children = (
				46A232DE283A5E3C00B25616 /* Shared */,
				46A232ED283A5E3E00B25616 /* macOS */,
				46A232F6283A5E3E00B25616 /* Tests iOS */,
				46A23302283A5E3E00B25616 /* Tests macOS */,
				46A232E7283A5E3E00B25616 /* Products */,
			);
			sourceTree = "<group>";
		};
		46A232DE283A5E3C00B25616 /* Shared */ = {
			isa = PBXGroup;
			children = (
				46A2331C283A5EEF00B25616 /* Model */,
				46A2331B283A5EE900B25616 /* View */,
				46A232DF283A5E3C00B25616 /* AppStoreHeroApp.swift */,
				46A232E0283A5E3C00B25616 /* ContentView.swift */,
				46A232E1283A5E3E00B25616 /* Assets.xcassets */,
			);
			path = Shared;
			sourceTree = "<group>";
		};
		46A232E7283A5E3E00B25616 /* Products */ = {
			isa = PBXGroup;
			children = (
				46A232E6283A5E3E00B25616 /* AppStoreHero.app */,
				46A232EC283A5E3E00B25616 /* AppStoreHero.app */,
				46A232F3283A5E3E00B25616 /* Tests iOS.xctest */,
				46A232FF283A5E3E00B25616 /* Tests macOS.xctest */,
			);
			name = Products;
			sourceTree = "<group>";
		};
		46A232ED283A5E3E00B25616 /* macOS */ = {
			isa = PBXGroup;
			children = (
				46A232EE283A5E3E00B25616 /* macOS.entitlements */,
			);
			path = macOS;
			sourceTree = "<group>";
		};
		46A232F6283A5E3E00B25616 /* Tests iOS */ = {
			isa = PBXGroup;
			children = (
				46A232F7283A5E3E00B25616 /* Tests_iOS.swift */,
				46A232F9283A5E3E00B25616 /* Tests_iOSLaunchTests.swift */,
			);
			path = "Tests iOS";
			sourceTree = "<group>";
		};
		46A23302283A5E3E00B25616 /* Tests macOS */ = {
			isa = PBXGroup;
			children = (
				46A23303283A5E3E00B25616 /* Tests_macOS.swift */,
				46A23305283A5E3E00B25616 /* Tests_macOSLaunchTests.swift */,
			);
			path = "Tests macOS";
			sourceTree = "<group>";
		};
		46A2331B283A5EE900B25616 /* View */ = {
			isa = PBXGroup;
			children = (
				46A2331F283A602300B25616 /* HomeView.swift */,
				46A23321283A622400B25616 /* CustomCorner.swift */,
			);
			path = View;
			sourceTree = "<group>";
		};
		46A2331C283A5EEF00B25616 /* Model */ = {
			isa = PBXGroup;
			children = (
				46A2331D283A5F1400B25616 /* Today.swift */,
			);
			path = Model;
			sourceTree = "<group>";
		};
/* End PBXGroup section */

/* Begin PBXNativeTarget section */
		46A232E5283A5E3E00B25616 /* AppStoreHero (iOS) */ = {
			isa = PBXNativeTarget;
			buildConfigurationList = 46A2330F283A5E3E00B25616 /* Build configuration list for PBXNativeTarget "AppStoreHero (iOS)" */;
			buildPhases = (
				46A232E2283A5E3E00B25616 /* Sources */,
				46A232E3283A5E3E00B25616 /* Frameworks */,
				46A232E4283A5E3E00B25616 /* Resources */,
			);
			buildRules = (
			);
			dependencies = (
			);
			name = "AppStoreHero (iOS)";
			productName = "AppStoreHero (iOS)";
			productReference = 46A232E6283A5E3E00B25616 /* AppStoreHero.app */;
			productType = "com.apple.product-type.application";
		};
		46A232EB283A5E3E00B25616 /* AppStoreHero (macOS) */ = {
			isa = PBXNativeTarget;
			buildConfigurationList = 46A23312283A5E3E00B25616 /* Build configuration list for PBXNativeTarget "AppStoreHero (macOS)" */;
			buildPhases = (
				46A232E8283A5E3E00B25616 /* Sources */,
				46A232E9283A5E3E00B25616 /* Frameworks */,
				46A232EA283A5E3E00B25616 /* Resources */,
			);
			buildRules = (
			);
			dependencies = (
			);
			name = "AppStoreHero (macOS)";
			productName = "AppStoreHero (macOS)";
			productReference = 46A232EC283A5E3E00B25616 /* AppStoreHero.app */;
			productType = "com.apple.product-type.application";
		};
		46A232F2283A5E3E00B25616 /* Tests iOS */ = {
			isa = PBXNativeTarget;
			buildConfigurationList = 46A23315283A5E3E00B25616 /* Build configuration list for PBXNativeTarget "Tests iOS" */;
			buildPhases = (
				46A232EF283A5E3E00B25616 /* Sources */,
				46A232F0283A5E3E00B25616 /* Frameworks */,
				46A232F1283A5E3E00B25616 /* Resources */,
			);
			buildRules = (
			);
			dependencies = (
				46A232F5283A5E3E00B25616 /* PBXTargetDependency */,
			);
			name = "Tests iOS";
			productName = "Tests iOS";
			productReference = 46A232F3283A5E3E00B25616 /* Tests iOS.xctest */;
			productType = "com.apple.product-type.bundle.ui-testing";
		};
		46A232FE283A5E3E00B25616 /* Tests macOS */ = {
			isa = PBXNativeTarget;
			buildConfigurationList = 46A23318283A5E3E00B25616 /* Build configuration list for PBXNativeTarget "Tests macOS" */;
			buildPhases = (
				46A232FB283A5E3E00B25616 /* Sources */,
				46A232FC283A5E3E00B25616 /* Frameworks */,
				46A232FD283A5E3E00B25616 /* Resources */,
			);
			buildRules = (
			);
			dependencies = (
				46A23301283A5E3E00B25616 /* PBXTargetDependency */,
			);
			name = "Tests macOS";
			productName = "Tests macOS";
			productReference = 46A232FF283A5E3E00B25616 /* Tests macOS.xctest */;
			productType = "com.apple.product-type.bundle.ui-testing";
		};
/* End PBXNativeTarget section */

/* Begin PBXProject section */
		46A232DA283A5E3C00B25616 /* Project object */ = {
			isa = PBXProject;
			attributes = {
				BuildIndependentTargetsInParallel = 1;
				LastSwiftUpdateCheck = 1330;
				LastUpgradeCheck = 1330;
				TargetAttributes = {
					46A232E5283A5E3E00B25616 = {
						CreatedOnToolsVersion = 13.3;
					};
					46A232EB283A5E3E00B25616 = {
						CreatedOnToolsVersion = 13.3;
					};
					46A232F2283A5E3E00B25616 = {
						CreatedOnToolsVersion = 13.3;
						TestTargetID = 46A232E5283A5E3E00B25616;
					};
					46A232FE283A5E3E00B25616 = {
						CreatedOnToolsVersion = 13.3;
						TestTargetID = 46A232EB283A5E3E00B25616;
					};
				};
			};
			buildConfigurationList = 46A232DD283A5E3C00B25616 /* Build configuration list for PBXProject "AppStoreHero" */;
			compatibilityVersion = "Xcode 13.0";
			developmentRegion = en;
			hasScannedForEncodings = 0;
			knownRegions = (
				en,
				Base,
			);
			mainGroup = 46A232D9283A5E3C00B25616;
			productRefGroup = 46A232E7283A5E3E00B25616 /* Products */;
			projectDirPath = "";
			projectRoot = "";
			targets = (
				46A232E5283A5E3E00B25616 /* AppStoreHero (iOS) */,
				46A232EB283A5E3E00B25616 /* AppStoreHero (macOS) */,
				46A232F2283A5E3E00B25616 /* Tests iOS */,
				46A232FE283A5E3E00B25616 /* Tests macOS */,
			);
		};
/* End PBXProject section */

/* Begin PBXResourcesBuildPhase section */
		46A232E4283A5E3E00B25616 /* Resources */ = {
			isa = PBXResourcesBuildPhase;
			buildActionMask = 2147483647;
			files = (
				46A2330B283A5E3E00B25616 /* Assets.xcassets in Resources */,
			);
			runOnlyForDeploymentPostprocessing = 0;
		};
		46A232EA283A5E3E00B25616 /* Resources */ = {
			isa = PBXResourcesBuildPhase;
			buildActionMask = 2147483647;
			files = (
				46A2330C283A5E3E00B25616 /* Assets.xcassets in Resources */,
			);
			runOnlyForDeploymentPostprocessing = 0;
		};
		46A232F1283A5E3E00B25616 /* Resources */ = {
			isa = PBXResourcesBuildPhase;
			buildActionMask = 2147483647;
			files = (
			);
			runOnlyForDeploymentPostprocessing = 0;
		};
		46A232FD283A5E3E00B25616 /* Resources */ = {
			isa = PBXResourcesBuildPhase;
			buildActionMask = 2147483647;
			files = (
			);
			runOnlyForDeploymentPostprocessing = 0;
		};
/* End PBXResourcesBuildPhase section */

/* Begin PBXSourcesBuildPhase section */
		46A232E2283A5E3E00B25616 /* Sources */ = {
			isa = PBXSourcesBuildPhase;
			buildActionMask = 2147483647;
			files = (
				46A23309283A5E3E00B25616 /* ContentView.swift in Sources */,
				46A23322283A622400B25616 /* CustomCorner.swift in Sources */,
				46A23320283A602300B25616 /* HomeView.swift in Sources */,
				46A2331E283A5F1400B25616 /* Today.swift in Sources */,
				46A23307283A5E3E00B25616 /* AppStoreHeroApp.swift in Sources */,
			);
			runOnlyForDeploymentPostprocessing = 0;
		};
		46A232E8283A5E3E00B25616 /* Sources */ = {
			isa = PBXSourcesBuildPhase;
			buildActionMask = 2147483647;
			files = (
				46A2330A283A5E3E00B25616 /* ContentView.swift in Sources */,
				46A23308283A5E3E00B25616 /* AppStoreHeroApp.swift in Sources */,
			);
			runOnlyForDeploymentPostprocessing = 0;
		};
		46A232EF283A5E3E00B25616 /* Sources */ = {
			isa = PBXSourcesBuildPhase;
			buildActionMask = 2147483647;
			files = (
				46A232FA283A5E3E00B25616 /* Tests_iOSLaunchTests.swift in Sources */,
				46A232F8283A5E3E00B25616 /* Tests_iOS.swift in Sources */,
			);
			runOnlyForDeploymentPostprocessing = 0;
		};
		46A232FB283A5E3E00B25616 /* Sources */ = {
			isa = PBXSourcesBuildPhase;
			buildActionMask = 2147483647;
			files = (
				46A23306283A5E3E00B25616 /* Tests_macOSLaunchTests.swift in Sources */,
				46A23304283A5E3E00B25616 /* Tests_macOS.swift in Sources */,
			);
			runOnlyForDeploymentPostprocessing = 0;
		};
/* End PBXSourcesBuildPhase section */

/* Begin PBXTargetDependency section */
		46A232F5283A5E3E00B25616 /* PBXTargetDependency */ = {
			isa = PBXTargetDependency;
			target = 46A232E5283A5E3E00B25616 /* AppStoreHero (iOS) */;
			targetProxy = 46A232F4283A5E3E00B25616 /* PBXContainerItemProxy */;
		};
		46A23301283A5E3E00B25616 /* PBXTargetDependency */ = {
			isa = PBXTargetDependency;
			target = 46A232EB283A5E3E00B25616 /* AppStoreHero (macOS) */;
			targetProxy = 46A23300283A5E3E00B25616 /* PBXContainerItemProxy */;
		};
/* End PBXTargetDependency section */

/* Begin XCBuildConfiguration section */
		46A2330D283A5E3E00B25616 /* Debug */ = {
			isa = XCBuildConfiguration;
			buildSettings = {
				ALWAYS_SEARCH_USER_PATHS = NO;
				CLANG_ANALYZER_NONNULL = YES;
				CLANG_ANALYZER_NUMBER_OBJECT_CONVERSION = YES_AGGRESSIVE;
				CLANG_CXX_LANGUAGE_STANDARD = "gnu++17";
				CLANG_ENABLE_MODULES = YES;
				CLANG_ENABLE_OBJC_ARC = YES;
				CLANG_ENABLE_OBJC_WEAK = YES;
				CLANG_WARN_BLOCK_CAPTURE_AUTORELEASING = YES;
				CLANG_WARN_BOOL_CONVERSION = YES;
				CLANG_WARN_COMMA = YES;
				CLANG_WARN_CONSTANT_CONVERSION = YES;
				CLANG_WARN_DEPRECATED_OBJC_IMPLEMENTATIONS = YES;
				CLANG_WARN_DIRECT_OBJC_ISA_USAGE = YES_ERROR;
				CLANG_WARN_DOCUMENTATION_COMMENTS = YES;
				CLANG_WARN_EMPTY_BODY = YES;
				CLANG_WARN_ENUM_CONVERSION = YES;
				CLANG_WARN_INFINITE_RECURSION = YES;
				CLANG_WARN_INT_CONVERSION = YES;
				CLANG_WARN_NON_LITERAL_NULL_CONVERSION = YES;
				CLANG_WARN_OBJC_IMPLICIT_RETAIN_SELF = YES;
				CLANG_WARN_OBJC_LITERAL_CONVERSION = YES;
				CLANG_WARN_OBJC_ROOT_CLASS = YES_ERROR;
				CLANG_WARN_QUOTED_INCLUDE_IN_FRAMEWORK_HEADER = YES;
				CLANG_WARN_RANGE_LOOP_ANALYSIS = YES;
				CLANG_WARN_STRICT_PROTOTYPES = YES;
				CLANG_WARN_SUSPICIOUS_MOVE = YES;
				CLANG_WARN_UNGUARDED_AVAILABILITY = YES_AGGRESSIVE;
				CLANG_WARN_UNREACHABLE_CODE = YES;
				CLANG_WARN__DUPLICATE_METHOD_MATCH = YES;
				COPY_PHASE_STRIP = NO;
				DEBUG_INFORMATION_FORMAT = dwarf;
				ENABLE_STRICT_OBJC_MSGSEND = YES;
				ENABLE_TESTABILITY = YES;
				GCC_C_LANGUAGE_STANDARD = gnu11;
				GCC_DYNAMIC_NO_PIC = NO;
				GCC_NO_COMMON_BLOCKS = YES;
				GCC_OPTIMIZATION_LEVEL = 0;
				GCC_PREPROCESSOR_DEFINITIONS = (
					"DEBUG=1",
					"$(inherited)",
				);
				GCC_WARN_64_TO_32_BIT_CONVERSION = YES;
				GCC_WARN_ABOUT_RETURN_TYPE = YES_ERROR;
				GCC_WARN_UNDECLARED_SELECTOR = YES;
				GCC_WARN_UNINITIALIZED_AUTOS = YES_AGGRESSIVE;
				GCC_WARN_UNUSED_FUNCTION = YES;
				GCC_WARN_UNUSED_VARIABLE = YES;
				MTL_ENABLE_DEBUG_INFO = INCLUDE_SOURCE;
				MTL_FAST_MATH = YES;
				ONLY_ACTIVE_ARCH = YES;
				SWIFT_ACTIVE_COMPILATION_CONDITIONS = DEBUG;
				SWIFT_OPTIMIZATION_LEVEL = "-Onone";
			};
			name = Debug;
		};
		46A2330E283A5E3E00B25616 /* Release */ = {
			isa = XCBuildConfiguration;
			buildSettings = {
				ALWAYS_SEARCH_USER_PATHS = NO;
				CLANG_ANALYZER_NONNULL = YES;
				CLANG_ANALYZER_NUMBER_OBJECT_CONVERSION = YES_AGGRESSIVE;
				CLANG_CXX_LANGUAGE_STANDARD = "gnu++17";
				CLANG_ENABLE_MODULES = YES;
				CLANG_ENABLE_OBJC_ARC = YES;
				CLANG_ENABLE_OBJC_WEAK = YES;
				CLANG_WARN_BLOCK_CAPTURE_AUTORELEASING = YES;
				CLANG_WARN_BOOL_CONVERSION = YES;
				CLANG_WARN_COMMA = YES;
				CLANG_WARN_CONSTANT_CONVERSION = YES;
				CLANG_WARN_DEPRECATED_OBJC_IMPLEMENTATIONS = YES;
				CLANG_WARN_DIRECT_OBJC_ISA_USAGE = YES_ERROR;
				CLANG_WARN_DOCUMENTATION_COMMENTS = YES;
				CLANG_WARN_EMPTY_BODY = YES;
				CLANG_WARN_ENUM_CONVERSION = YES;
				CLANG_WARN_INFINITE_RECURSION = YES;
				CLANG_WARN_INT_CONVERSION = YES;
				CLANG_WARN_NON_LITERAL_NULL_CONVERSION = YES;
				CLANG_WARN_OBJC_IMPLICIT_RETAIN_SELF = YES;
				CLANG_WARN_OBJC_LITERAL_CONVERSION = YES;
				CLANG_WARN_OBJC_ROOT_CLASS = YES_ERROR;
				CLANG_WARN_QUOTED_INCLUDE_IN_FRAMEWORK_HEADER = YES;
				CLANG_WARN_RANGE_LOOP_ANALYSIS = YES;
				CLANG_WARN_STRICT_PROTOTYPES = YES;
				CLANG_WARN_SUSPICIOUS_MOVE = YES;
				CLANG_WARN_UNGUARDED_AVAILABILITY = YES_AGGRESSIVE;
				CLANG_WARN_UNREACHABLE_CODE = YES;
				CLANG_WARN__DUPLICATE_METHOD_MATCH = YES;
				COPY_PHASE_STRIP = NO;
				DEBUG_INFORMATION_FORMAT = "dwarf-with-dsym";
				ENABLE_NS_ASSERTIONS = NO;
				ENABLE_STRICT_OBJC_MSGSEND = YES;
				GCC_C_LANGUAGE_STANDARD = gnu11;
				GCC_NO_COMMON_BLOCKS = YES;
				GCC_WARN_64_TO_32_BIT_CONVERSION = YES;
				GCC_WARN_ABOUT_RETURN_TYPE = YES_ERROR;
				GCC_WARN_UNDECLARED_SELECTOR = YES;
				GCC_WARN_UNINITIALIZED_AUTOS = YES_AGGRESSIVE;
				GCC_WARN_UNUSED_FUNCTION = YES;
				GCC_WARN_UNUSED_VARIABLE = YES;
				MTL_ENABLE_DEBUG_INFO = NO;
				MTL_FAST_MATH = YES;
				SWIFT_COMPILATION_MODE = wholemodule;
				SWIFT_OPTIMIZATION_LEVEL = "-O";
			};
			name = Release;
		};
		46A23310283A5E3E00B25616 /* Debug */ = {
			isa = XCBuildConfiguration;
			buildSettings = {
				ASSETCATALOG_COMPILER_APPICON_NAME = AppIcon;
				ASSETCATALOG_COMPILER_GLOBAL_ACCENT_COLOR_NAME = AccentColor;
				CODE_SIGN_STYLE = Automatic;
				CURRENT_PROJECT_VERSION = 1;
				DEVELOPMENT_TEAM = 235C2RVZ7L;
				ENABLE_PREVIEWS = YES;
				GENERATE_INFOPLIST_FILE = YES;
				INFOPLIST_KEY_UIApplicationSceneManifest_Generation = YES;
				INFOPLIST_KEY_UIApplicationSupportsIndirectInputEvents = YES;
				INFOPLIST_KEY_UILaunchScreen_Generation = YES;
				INFOPLIST_KEY_UISupportedInterfaceOrientations_iPad = "UIInterfaceOrientationPortrait UIInterfaceOrientationPortraitUpsideDown UIInterfaceOrientationLandscapeLeft UIInterfaceOrientationLandscapeRight";
				INFOPLIST_KEY_UISupportedInterfaceOrientations_iPhone = "UIInterfaceOrientationPortrait UIInterfaceOrientationLandscapeLeft UIInterfaceOrientationLandscapeRight";
				IPHONEOS_DEPLOYMENT_TARGET = 15.4;
				LD_RUNPATH_SEARCH_PATHS = (
					"$(inherited)",
					"@executable_path/Frameworks",
				);
				MARKETING_VERSION = 1.0;
				PRODUCT_BUNDLE_IDENTIFIER = baegteun.AppStoreHero;
				PRODUCT_NAME = AppStoreHero;
				SDKROOT = iphoneos;
				SWIFT_EMIT_LOC_STRINGS = YES;
				SWIFT_VERSION = 5.0;
				TARGETED_DEVICE_FAMILY = "1,2";
			};
			name = Debug;
		};
		46A23311283A5E3E00B25616 /* Release */ = {
			isa = XCBuildConfiguration;
			buildSettings = {
				ASSETCATALOG_COMPILER_APPICON_NAME = AppIcon;
				ASSETCATALOG_COMPILER_GLOBAL_ACCENT_COLOR_NAME = AccentColor;
				CODE_SIGN_STYLE = Automatic;
				CURRENT_PROJECT_VERSION = 1;
				DEVELOPMENT_TEAM = 235C2RVZ7L;
				ENABLE_PREVIEWS = YES;
				GENERATE_INFOPLIST_FILE = YES;
				INFOPLIST_KEY_UIApplicationSceneManifest_Generation = YES;
				INFOPLIST_KEY_UIApplicationSupportsIndirectInputEvents = YES;
				INFOPLIST_KEY_UILaunchScreen_Generation = YES;
				INFOPLIST_KEY_UISupportedInterfaceOrientations_iPad = "UIInterfaceOrientationPortrait UIInterfaceOrientationPortraitUpsideDown UIInterfaceOrientationLandscapeLeft UIInterfaceOrientationLandscapeRight";
				INFOPLIST_KEY_UISupportedInterfaceOrientations_iPhone = "UIInterfaceOrientationPortrait UIInterfaceOrientationLandscapeLeft UIInterfaceOrientationLandscapeRight";
				IPHONEOS_DEPLOYMENT_TARGET = 15.4;
				LD_RUNPATH_SEARCH_PATHS = (
					"$(inherited)",
					"@executable_path/Frameworks",
				);
				MARKETING_VERSION = 1.0;
				PRODUCT_BUNDLE_IDENTIFIER = baegteun.AppStoreHero;
				PRODUCT_NAME = AppStoreHero;
				SDKROOT = iphoneos;
				SWIFT_EMIT_LOC_STRINGS = YES;
				SWIFT_VERSION = 5.0;
				TARGETED_DEVICE_FAMILY = "1,2";
				VALIDATE_PRODUCT = YES;
			};
			name = Release;
		};
		46A23313283A5E3E00B25616 /* Debug */ = {
			isa = XCBuildConfiguration;
			buildSettings = {
				ASSETCATALOG_COMPILER_APPICON_NAME = AppIcon;
				ASSETCATALOG_COMPILER_GLOBAL_ACCENT_COLOR_NAME = AccentColor;
				CODE_SIGN_ENTITLEMENTS = macOS/macOS.entitlements;
				CODE_SIGN_STYLE = Automatic;
				COMBINE_HIDPI_IMAGES = YES;
				CURRENT_PROJECT_VERSION = 1;
				DEVELOPMENT_TEAM = 235C2RVZ7L;
				ENABLE_HARDENED_RUNTIME = YES;
				ENABLE_PREVIEWS = YES;
				GENERATE_INFOPLIST_FILE = YES;
				INFOPLIST_KEY_NSHumanReadableCopyright = "";
				LD_RUNPATH_SEARCH_PATHS = (
					"$(inherited)",
					"@executable_path/../Frameworks",
				);
				MACOSX_DEPLOYMENT_TARGET = 12.3;
				MARKETING_VERSION = 1.0;
				PRODUCT_BUNDLE_IDENTIFIER = baegteun.AppStoreHero;
				PRODUCT_NAME = AppStoreHero;
				SDKROOT = macosx;
				SWIFT_EMIT_LOC_STRINGS = YES;
				SWIFT_VERSION = 5.0;
			};
			name = Debug;
		};
		46A23314283A5E3E00B25616 /* Release */ = {
			isa = XCBuildConfiguration;
			buildSettings = {
				ASSETCATALOG_COMPILER_APPICON_NAME = AppIcon;
				ASSETCATALOG_COMPILER_GLOBAL_ACCENT_COLOR_NAME = AccentColor;
				CODE_SIGN_ENTITLEMENTS = macOS/macOS.entitlements;
				CODE_SIGN_STYLE = Automatic;
				COMBINE_HIDPI_IMAGES = YES;
				CURRENT_PROJECT_VERSION = 1;
				DEVELOPMENT_TEAM = 235C2RVZ7L;
				ENABLE_HARDENED_RUNTIME = YES;
				ENABLE_PREVIEWS = YES;
				GENERATE_INFOPLIST_FILE = YES;
				INFOPLIST_KEY_NSHumanReadableCopyright = "";
				LD_RUNPATH_SEARCH_PATHS = (
					"$(inherited)",
					"@executable_path/../Frameworks",
				);
				MACOSX_DEPLOYMENT_TARGET = 12.3;
				MARKETING_VERSION = 1.0;
				PRODUCT_BUNDLE_IDENTIFIER = baegteun.AppStoreHero;
				PRODUCT_NAME = AppStoreHero;
				SDKROOT = macosx;
				SWIFT_EMIT_LOC_STRINGS = YES;
				SWIFT_VERSION = 5.0;
			};
			name = Release;
		};
		46A23316283A5E3E00B25616 /* Debug */ = {
			isa = XCBuildConfiguration;
			buildSettings = {
				ALWAYS_EMBED_SWIFT_STANDARD_LIBRARIES = YES;
				CODE_SIGN_STYLE = Automatic;
				CURRENT_PROJECT_VERSION = 1;
				DEVELOPMENT_TEAM = 235C2RVZ7L;
				GENERATE_INFOPLIST_FILE = YES;
				IPHONEOS_DEPLOYMENT_TARGET = 15.4;
				MARKETING_VERSION = 1.0;
				PRODUCT_BUNDLE_IDENTIFIER = "baegteun.Tests-iOS";
				PRODUCT_NAME = "$(TARGET_NAME)";
				SDKROOT = iphoneos;
				SWIFT_EMIT_LOC_STRINGS = NO;
				SWIFT_VERSION = 5.0;
				TARGETED_DEVICE_FAMILY = "1,2";
				TEST_TARGET_NAME = "AppStoreHero (iOS)";
			};
			name = Debug;
		};
		46A23317283A5E3E00B25616 /* Release */ = {
			isa = XCBuildConfiguration;
			buildSettings = {
				ALWAYS_EMBED_SWIFT_STANDARD_LIBRARIES = YES;
				CODE_SIGN_STYLE = Automatic;
				CURRENT_PROJECT_VERSION = 1;
				DEVELOPMENT_TEAM = 235C2RVZ7L;
				GENERATE_INFOPLIST_FILE = YES;
				IPHONEOS_DEPLOYMENT_TARGET = 15.4;
				MARKETING_VERSION = 1.0;
				PRODUCT_BUNDLE_IDENTIFIER = "baegteun.Tests-iOS";
				PRODUCT_NAME = "$(TARGET_NAME)";
				SDKROOT = iphoneos;
				SWIFT_EMIT_LOC_STRINGS = NO;
				SWIFT_VERSION = 5.0;
				TARGETED_DEVICE_FAMILY = "1,2";
				TEST_TARGET_NAME = "AppStoreHero (iOS)";
				VALIDATE_PRODUCT = YES;
			};
			name = Release;
		};
		46A23319283A5E3E00B25616 /* Debug */ = {
			isa = XCBuildConfiguration;
			buildSettings = {
				ALWAYS_EMBED_SWIFT_STANDARD_LIBRARIES = YES;
				CODE_SIGN_STYLE = Automatic;
				CURRENT_PROJECT_VERSION = 1;
				DEVELOPMENT_TEAM = 235C2RVZ7L;
				GENERATE_INFOPLIST_FILE = YES;
				MACOSX_DEPLOYMENT_TARGET = 12.3;
				MARKETING_VERSION = 1.0;
				PRODUCT_BUNDLE_IDENTIFIER = "baegteun.Tests-macOS";
				PRODUCT_NAME = "$(TARGET_NAME)";
				SDKROOT = macosx;
				SWIFT_EMIT_LOC_STRINGS = NO;
				SWIFT_VERSION = 5.0;
				TEST_TARGET_NAME = "AppStoreHero (macOS)";
			};
			name = Debug;
		};
		46A2331A283A5E3E00B25616 /* Release */ = {
			isa = XCBuildConfiguration;
			buildSettings = {
				ALWAYS_EMBED_SWIFT_STANDARD_LIBRARIES = YES;
				CODE_SIGN_STYLE = Automatic;
				CURRENT_PROJECT_VERSION = 1;
				DEVELOPMENT_TEAM = 235C2RVZ7L;
				GENERATE_INFOPLIST_FILE = YES;
				MACOSX_DEPLOYMENT_TARGET = 12.3;
				MARKETING_VERSION = 1.0;
				PRODUCT_BUNDLE_IDENTIFIER = "baegteun.Tests-macOS";
				PRODUCT_NAME = "$(TARGET_NAME)";
				SDKROOT = macosx;
				SWIFT_EMIT_LOC_STRINGS = NO;
				SWIFT_VERSION = 5.0;
				TEST_TARGET_NAME = "AppStoreHero (macOS)";
			};
			name = Release;
		};
/* End XCBuildConfiguration section */

/* Begin XCConfigurationList section */
		46A232DD283A5E3C00B25616 /* Build configuration list for PBXProject "AppStoreHero" */ = {
			isa = XCConfigurationList;
			buildConfigurations = (
				46A2330D283A5E3E00B25616 /* Debug */,
				46A2330E283A5E3E00B25616 /* Release */,
			);
			defaultConfigurationIsVisible = 0;
			defaultConfigurationName = Release;
		};
		46A2330F283A5E3E00B25616 /* Build configuration list for PBXNativeTarget "AppStoreHero (iOS)" */ = {
			isa = XCConfigurationList;
			buildConfigurations = (
				46A23310283A5E3E00B25616 /* Debug */,
				46A23311283A5E3E00B25616 /* Release */,
			);
			defaultConfigurationIsVisible = 0;
			defaultConfigurationName = Release;
		};
		46A23312283A5E3E00B25616 /* Build configuration list for PBXNativeTarget "AppStoreHero (macOS)" */ = {
			isa = XCConfigurationList;
			buildConfigurations = (
				46A23313283A5E3E00B25616 /* Debug */,
				46A23314283A5E3E00B25616 /* Release */,
			);
			defaultConfigurationIsVisible = 0;
			defaultConfigurationName = Release;
		};
		46A23315283A5E3E00B25616 /* Build configuration list for PBXNativeTarget "Tests iOS" */ = {
			isa = XCConfigurationList;
			buildConfigurations = (
				46A23316283A5E3E00B25616 /* Debug */,
				46A23317283A5E3E00B25616 /* Release */,
			);
			defaultConfigurationIsVisible = 0;
			defaultConfigurationName = Release;
		};
		46A23318283A5E3E00B25616 /* Build configuration list for PBXNativeTarget "Tests macOS" */ = {
			isa = XCConfigurationList;
			buildConfigurations = (
				46A23319283A5E3E00B25616 /* Debug */,
				46A2331A283A5E3E00B25616 /* Release */,
			);
			defaultConfigurationIsVisible = 0;
			defaultConfigurationName = Release;
		};
/* End XCConfigurationList section */
	};
	rootObject = 46A232DA283A5E3C00B25616 /* Project object */;
}
